# THIS IS AN AUTOGENERATED FILE. DO NOT EDIT THIS FILE DIRECTLY.
# yarn lockfile v1


"@activeadmin/activeadmin@4.0.0-beta15":
  version "4.0.0-beta15"
  resolved "https://registry.yarnpkg.com/@activeadmin/activeadmin/-/activeadmin-4.0.0-beta15.tgz#5cfa3274826234073f138ae3507ea8e990475f84"
  integrity sha512-TRQtxZ7lg/0lrxpRzanQwAoQnkYTgjpYkhk/N9UZQHhEans9Ra35blw2tO87NEdpYhMdos/hoHOTumczganHqw==
  dependencies:
    "@rails/ujs" "7.1.400"
    flowbite "2.3.0"

"@popperjs/core@^2.9.3":
  version "2.11.8"
  resolved "https://registry.yarnpkg.com/@popperjs/core/-/core-2.11.8.tgz#6b79032e760a0899cd4204710beede972a3a185f"
  integrity sha512-P1st0aksCrn9sGZhp8GMYwBnQsbvAWsZAX44oXNNvLHGqAOcoVxmjZiohstwQ7SqKnbR47akdNi+uleWD8+g6A==

"@rails/ujs@7.1.400":
  version "7.1.400"
  resolved "https://registry.yarnpkg.com/@rails/ujs/-/ujs-7.1.400.tgz#b2a76bdccb5197b9e866954536106386c87cfab5"
  integrity sha512-YwvXm3BR5tn+VCAKYGycLejMRVZE3Ionj5gFjEeGXCZnI0Rpi+7dKpmyu90kdUY7dRUFpHTdu9zZceEzFLl38w==

autoprefixer@^10.4.22:
  version "10.4.22"
  resolved "https://registry.yarnpkg.com/autoprefixer/-/autoprefixer-10.4.22.tgz#90b27ab55ec0cf0684210d1f056f7d65dac55f16"
  integrity sha512-ARe0v/t9gO28Bznv6GgqARmVqcWOV3mfgUPn9becPHMiD3o9BwlRgaeccZnwTpZ7Zwqrm+c1sUSsMxIzQzc8Xg==
  dependencies:
    browserslist "^4.27.0"
    caniuse-lite "^1.0.30001754"
    fraction.js "^5.3.4"
    normalize-range "^0.1.2"
    picocolors "^1.1.1"
    postcss-value-parser "^4.2.0"

baseline-browser-mapping@^2.8.25:
  version "2.8.27"
  resolved "https://registry.yarnpkg.com/baseline-browser-mapping/-/baseline-browser-mapping-2.8.27.tgz#d15ab8face053137f8eb4c028455024787515d5d"
  integrity sha512-2CXFpkjVnY2FT+B6GrSYxzYf65BJWEqz5tIRHCvNsZZ2F3CmsCB37h8SpYgKG7y9C4YAeTipIPWG7EmFmhAeXA==

browserslist@^4.27.0:
  version "4.28.0"
  resolved "https://registry.yarnpkg.com/browserslist/-/browserslist-4.28.0.tgz#9cefece0a386a17a3cd3d22ebf67b9deca1b5929"
  integrity sha512-tbydkR/CxfMwelN0vwdP/pLkDwyAASZ+VfWm4EOwlB6SWhx1sYnWLqo8N5j0rAzPfzfRaxt0mM/4wPU/Su84RQ==
  dependencies:
    baseline-browser-mapping "^2.8.25"
    caniuse-lite "^1.0.30001754"
    electron-to-chromium "^1.5.249"
    node-releases "^2.0.27"
    update-browserslist-db "^1.1.4"

caniuse-lite@^1.0.30001754:
  version "1.0.30001754"
  resolved "https://registry.yarnpkg.com/caniuse-lite/-/caniuse-lite-1.0.30001754.tgz#7758299d9a72cce4e6b038788a15b12b44002759"
  integrity sha512-x6OeBXueoAceOmotzx3PO4Zpt4rzpeIFsSr6AAePTZxSkXiYDUmpypEl7e2+8NCd9bD7bXjqyef8CJYPC1jfxg==

electron-to-chromium@^1.5.249:
  version "1.5.250"
  resolved "https://registry.yarnpkg.com/electron-to-chromium/-/electron-to-chromium-1.5.250.tgz#0b40436fa41ae7cbac3d2f60ef0411a698eb72a7"
  integrity sha512-/5UMj9IiGDMOFBnN4i7/Ry5onJrAGSbOGo3s9FEKmwobGq6xw832ccET0CE3CkkMBZ8GJSlUIesZofpyurqDXw==

escalade@^3.2.0:
  version "3.2.0"
  resolved "https://registry.yarnpkg.com/escalade/-/escalade-3.2.0.tgz#011a3f69856ba189dffa7dc8fcce99d2a87903e5"
  integrity sha512-WUj2qlxaQtO4g6Pq5c29GTcWGDyd8itL8zTlipgECz3JesAiiOKotd8JU6otB3PACgG6xkJUyVhboMS+bje/jA==

flowbite@2.3.0:
  version "2.3.0"
  resolved "https://registry.yarnpkg.com/flowbite/-/flowbite-2.3.0.tgz#0730e35d8b0d1dcdea26bb27d848bd9c0141cde1"
  integrity sha512-pm3JRo8OIJHGfFYWgaGpPv8E+UdWy0Z3gEAGufw+G/1dusaU/P1zoBLiQpf2/+bYAi+GBQtPVG86KYlV0W+AFQ==
  dependencies:
    "@popperjs/core" "^2.9.3"
    mini-svg-data-uri "^1.4.3"

fraction.js@^5.3.4:
  version "5.3.4"
  resolved "https://registry.yarnpkg.com/fraction.js/-/fraction.js-5.3.4.tgz#8c0fcc6a9908262df4ed197427bdeef563e0699a"
  integrity sha512-1X1NTtiJphryn/uLQz3whtY6jK3fTqoE3ohKs0tT+Ujr1W59oopxmoEh7Lu5p6vBaPbgoM0bzveAW4Qi5RyWDQ==

mini-svg-data-uri@^1.4.3:
  version "1.4.4"
  resolved "https://registry.yarnpkg.com/mini-svg-data-uri/-/mini-svg-data-uri-1.4.4.tgz#8ab0aabcdf8c29ad5693ca595af19dd2ead09939"
  integrity sha512-r9deDe9p5FJUPZAk3A59wGH7Ii9YrjjWw0jmw/liSbHl2CHiyXj6FcDXDu2K3TjVAXqiJdaw3xxwlZZr9E6nHg==

nanoid@^3.3.11:
  version "3.3.11"
  resolved "https://registry.yarnpkg.com/nanoid/-/nanoid-3.3.11.tgz#4f4f112cefbe303202f2199838128936266d185b"
  integrity sha512-N8SpfPUnUp1bK+PMYW8qSWdl9U+wwNWI4QKxOYDy9JAro3WMX7p2OeVRF9v+347pnakNevPmiHhNmZ2HbFA76w==

node-releases@^2.0.27:
  version "2.0.27"
  resolved "https://registry.yarnpkg.com/node-releases/-/node-releases-2.0.27.tgz#eedca519205cf20f650f61d56b070db111231e4e"
  integrity sha512-nmh3lCkYZ3grZvqcCH+fjmQ7X+H0OeZgP40OierEaAptX4XofMh5kwNbWh7lBduUzCcV/8kZ+NDLCwm2iorIlA==

normalize-range@^0.1.2:
  version "0.1.2"
  resolved "https://registry.yarnpkg.com/normalize-range/-/normalize-range-0.1.2.tgz#2d10c06bdfd312ea9777695a4d28439456b75942"
  integrity sha512-bdok/XvKII3nUpklnV6P2hxtMNrCboOjAcyBuQnWEhO665FwrSNRxU+AqpsyvO6LgGYPspN+lu5CLtw4jPRKNA==

picocolors@^1.1.1:
  version "1.1.1"
  resolved "https://registry.yarnpkg.com/picocolors/-/picocolors-1.1.1.tgz#3d321af3eab939b083c8f929a1d12cda81c26b6b"
  integrity sha512-xceH2snhtb5M9liqDsmEw56le376mTZkEX/jEb/RxNFyegNul7eNslCXP9FDj/Lcu0X8KEyMceP2ntpaHrDEVA==

postcss-value-parser@^4.2.0:
  version "4.2.0"
  resolved "https://registry.yarnpkg.com/postcss-value-parser/-/postcss-value-parser-4.2.0.tgz#723c09920836ba6d3e5af019f92bc0971c02e514"
  integrity sha512-1NNCs6uurfkVbeXG4S8JFT9t19m45ICnif8zWLd5oPSZ50QnwMfK+H3jv408d4jw/7Bttv5axS5IiHoLaVNHeQ==

postcss@^8.5.6:
  version "8.5.6"
  resolved "https://registry.yarnpkg.com/postcss/-/postcss-8.5.6.tgz#2825006615a619b4f62a9e7426cc120b349a8f3c"
  integrity sha512-3Ybi1tAuwAP9s0r1UQ2J4n5Y0G05bJkpUIO0/bI9MhwmD70S5aTWbXGBwxHrelT+XM1k6dM0pk+SwNkpTRN7Pg==
  dependencies:
    nanoid "^3.3.11"
    picocolors "^1.1.1"
    source-map-js "^1.2.1"

source-map-js@^1.2.1:
  version "1.2.1"
  resolved "https://registry.yarnpkg.com/source-map-js/-/source-map-js-1.2.1.tgz#1ce5650fddd87abc099eda37dcff024c2667ae46"
  integrity sha512-UXWMKhLOwVKb728IUtQPXxfYU+usdybtUrK/8uGE8CQMvrhOpwvzDBwj0QhSL7MQc7vIsISBG8VQ8+IDQxpfQA==

tailwindcss@^4.1.17:
  version "4.1.17"
  resolved "https://registry.yarnpkg.com/tailwindcss/-/tailwindcss-4.1.17.tgz#e6dcb7a9c60cef7522169b5f207ffec2fd652286"
  integrity sha512-j9Ee2YjuQqYT9bbRTfTZht9W/ytp5H+jJpZKiYdP/bpnXARAuELt9ofP0lPnmHjbga7SNQIxdTAXCmtKVYjN+Q==

update-browserslist-db@^1.1.4:
  version "1.1.4"
  resolved "https://registry.yarnpkg.com/update-browserslist-db/-/update-browserslist-db-1.1.4.tgz#7802aa2ae91477f255b86e0e46dbc787a206ad4a"
  integrity sha512-q0SPT4xyU84saUX+tomz1WLkxUbuaJnR1xWt17M7fJtEJigJeWUNGUqrauFXsHnqev9y9JTRGwk13tFBuKby4A==
  dependencies:
    escalade "^3.2.0"
    picocolors "^1.1.1"
